
Microsoft Visual Studio Solution File, Format Version 12.00
# Visual Studio Version 17
VisualStudioVersion = 17.2.32519.379
MinimumVisualStudioVersion = 10.0.40219.1
Project("{FAE04EC0-301F-11D3-BF4B-00C04F79EFBC}") = "Kods1", "Kods1\Kods1.csproj", "{4219F4FD-4399-4EE6-8F4B-C14FA7FBBA91}"
EndProject
Global
	GlobalSection(SolutionConfigurationPlatforms) = preSolution
		Debug|Any CPU = Debug|Any CPU
		Release|Any CPU = Release|Any CPU
	EndGlobalSection
	GlobalSection(ProjectConfigurationPlatforms) = postSolution
		{4219F4FD-4399-4EE6-8F4B-C14FA7FBBA91}.Debug|Any CPU.ActiveCfg = Debug|Any CPU
		{4219F4FD-4399-4EE6-8F4B-C14FA7FBBA91}.Debug|Any CPU.Build.0 = Debug|Any CPU
		{4219F4FD-4399-4EE6-8F4B-C14FA7FBBA91}.Release|Any CPU.ActiveCfg = Release|Any CPU
		{4219F4FD-4399-4EE6-8F4B-C14FA7FBBA91}.Release|Any CPU.Build.0 = Release|Any CPU
	EndGlobalSection
	GlobalSection(SolutionProperties) = preSolution
		HideSolutionNode = FALSE
	EndGlobalSection
	GlobalSection(ExtensibilityGlobals) = postSolution
		SolutionGuid = {8538D1FC-9400-4302-AC29-64008AF1C063}
	EndGlobalSection
EndGlobal
